PODS:
  - Swinject (2.9.1)
  - YandexMapsMobile (4.10.0-full)

DEPENDENCIES:
  - Swinject
  - YandexMapsMobile (= 4.10.0-full)

SPEC REPOS:
  trunk:
    - Swinject
    - YandexMapsMobile

SPEC CHECKSUMS:
  Swinject: a827d508c6270da03ec74e558e728917a888fa9b
  YandexMapsMobile: 022211561f539114cc2c70ee616c825928d2be07

PODFILE CHECKSUM: 4aede238c2be8d2397f971272cede2065d5e98b3

COCOAPODS: 1.13.0
